
Microsoft Visual Studio Solution File, Format Version 12.00
# Visual Studio Version 16
VisualStudioVersion = 16.0.32630.194
MinimumVisualStudioVersion = 10.0.40219.1
Project("{FAE04EC0-301F-11D3-BF4B-00C04F79EFBC}") = "Passaparola_Oyunu", "Passaparola_Oyunu\Passaparola_Oyunu.csproj", "{3EA39227-F567-4FBB-9187-43A2CF8C1FEF}"
EndProject
Global
	GlobalSection(SolutionConfigurationPlatforms) = preSolution
		Debug|Any CPU = Debug|Any CPU
		Release|Any CPU = Release|Any CPU
	EndGlobalSection
	GlobalSection(ProjectConfigurationPlatforms) = postSolution
		{3EA39227-F567-4FBB-9187-43A2CF8C1FEF}.Debug|Any CPU.ActiveCfg = Debug|Any CPU
		{3EA39227-F567-4FBB-9187-43A2CF8C1FEF}.Debug|Any CPU.Build.0 = Debug|Any CPU
		{3EA39227-F567-4FBB-9187-43A2CF8C1FEF}.Release|Any CPU.ActiveCfg = Release|Any CPU
		{3EA39227-F567-4FBB-9187-43A2CF8C1FEF}.Release|Any CPU.Build.0 = Release|Any CPU
	EndGlobalSection
	GlobalSection(SolutionProperties) = preSolution
		HideSolutionNode = FALSE
	EndGlobalSection
	GlobalSection(ExtensibilityGlobals) = postSolution
		SolutionGuid = {B189D25E-82D1-4D97-B562-BD63E07F7F2C}
	EndGlobalSection
EndGlobal
